
Microsoft Visual Studio Solution File, Format Version 12.00
# Visual Studio 2012
Project("{FAE04EC0-301F-11D3-BF4B-00C04F79EFBC}") = "Scrabble", "Scrabble\Scrabble.csproj", "{DBEE06E1-15BB-4649-A2A5-4366118023F6}"
EndProject
Project("{FAE04EC0-301F-11D3-BF4B-00C04F79EFBC}") = "Scrabble.Tests", "Scrabble.Tests\Scrabble.Tests.csproj", "{BAEF8A0A-E37A-4A1A-A6A7-8194E22F7B83}"
EndProject
Global
	GlobalSection(SolutionConfigurationPlatforms) = preSolution
		Debug|Any CPU = Debug|Any CPU
		Release|Any CPU = Release|Any CPU
	EndGlobalSection
	GlobalSection(ProjectConfigurationPlatforms) = postSolution
		{DBEE06E1-15BB-4649-A2A5-4366118023F6}.Debug|Any CPU.ActiveCfg = Debug|Any CPU
		{DBEE06E1-15BB-4649-A2A5-4366118023F6}.Debug|Any CPU.Build.0 = Debug|Any CPU
		{DBEE06E1-15BB-4649-A2A5-4366118023F6}.Release|Any CPU.ActiveCfg = Release|Any CPU
		{DBEE06E1-15BB-4649-A2A5-4366118023F6}.Release|Any CPU.Build.0 = Release|Any CPU
		{BAEF8A0A-E37A-4A1A-A6A7-8194E22F7B83}.Debug|Any CPU.ActiveCfg = Debug|Any CPU
		{BAEF8A0A-E37A-4A1A-A6A7-8194E22F7B83}.Debug|Any CPU.Build.0 = Debug|Any CPU
		{BAEF8A0A-E37A-4A1A-A6A7-8194E22F7B83}.Release|Any CPU.ActiveCfg = Release|Any CPU
		{BAEF8A0A-E37A-4A1A-A6A7-8194E22F7B83}.Release|Any CPU.Build.0 = Release|Any CPU
	EndGlobalSection
EndGlobal
